#MicroXplorer Configuration settings - do not modify
ADC1.Channel-0\#ChannelRegularConversion=ADC_CHANNEL_9
ADC1.Channel-39\#ChannelRegularConversion=ADC_CHANNEL_9
ADC1.ClockPrescaler=ADC_CLOCK_ASYNC_DIV1
ADC1.ContinuousConvMode=DISABLE
ADC1.DMAContinuousRequests=DISABLE
ADC1.DataAlign=ADC_DATAALIGN_RIGHT
ADC1.DiscontinuousConvMode=DISABLE
ADC1.EOCSelection=ADC_EOC_SINGLE_CONV
ADC1.EnableAnalogWatchDog1=false
ADC1.EnableAnalogWatchDog2=false
ADC1.EnableAnalogWatchDog3=false
ADC1.EnableInjectedConversion=DISABLE
ADC1.EnableRegularConversion=ENABLE
ADC1.ExternalTrigConv=ADC_SOFTWARE_START
ADC1.ExternalTrigConvEdge=ADC_EXTERNALTRIGCONVEDGE_NONE
ADC1.IPParameters=Rank-39\#ChannelRegularConversion,Channel-39\#ChannelRegularConversion,SamplingTime-39\#ChannelRegularConversion,OffsetNumber-39\#ChannelRegularConversion,NbrOfConversionFlag,master,ClockPrescaler,Resolution,DataAlign,ScanConvMode,ContinuousConvMode,DiscontinuousConvMode,DMAContinuousRequests,EOCSelection,Overrun,LowPowerAutoWait,EnableRegularConversion,OversamplingMode,NbrOfConversion,ExternalTrigConv,ExternalTrigConvEdge,EnableInjectedConversion,EnableAnalogWatchDog1,EnableAnalogWatchDog2,EnableAnalogWatchDog3,Rank-0\#ChannelRegularConversion,Channel-0\#ChannelRegularConversion,SamplingTime-0\#ChannelRegularConversion,OffsetNumber-0\#ChannelRegularConversion
ADC1.LowPowerAutoWait=DISABLE
ADC1.NbrOfConversion=1
ADC1.NbrOfConversionFlag=1
ADC1.OffsetNumber-0\#ChannelRegularConversion=ADC_OFFSET_NONE
ADC1.OffsetNumber-39\#ChannelRegularConversion=ADC_OFFSET_NONE
ADC1.Overrun=ADC_OVR_DATA_PRESERVED
ADC1.OversamplingMode=DISABLE
ADC1.Rank-0\#ChannelRegularConversion=1
ADC1.Rank-39\#ChannelRegularConversion=1
ADC1.Resolution=ADC_RESOLUTION_12B
ADC1.SamplingTime-0\#ChannelRegularConversion=ADC_SAMPLETIME_2CYCLES_5
ADC1.SamplingTime-39\#ChannelRegularConversion=ADC_SAMPLETIME_2CYCLES_5
ADC1.ScanConvMode=ADC_SCAN_DISABLE
ADC1.master=1
ADC2.Channel-41\#ChannelRegularConversion=ADC_CHANNEL_13
ADC2.ClockPrescaler=ADC_CLOCK_ASYNC_DIV1
ADC2.ContinuousConvMode=DISABLE
ADC2.DMAContinuousRequests=DISABLE
ADC2.DataAlign=ADC_DATAALIGN_RIGHT
ADC2.DiscontinuousConvMode=DISABLE
ADC2.EOCSelection=ADC_EOC_SINGLE_CONV
ADC2.EnableAnalogWatchDog1=false
ADC2.EnableAnalogWatchDog2=false
ADC2.EnableAnalogWatchDog3=false
ADC2.EnableInjectedConversion=DISABLE
ADC2.EnableRegularConversion=ENABLE
ADC2.ExternalTrigConv=ADC_SOFTWARE_START
ADC2.ExternalTrigConvEdge=ADC_EXTERNALTRIGCONVEDGE_NONE
ADC2.IPParameters=Rank-41\#ChannelRegularConversion,Channel-41\#ChannelRegularConversion,SamplingTime-41\#ChannelRegularConversion,OffsetNumber-41\#ChannelRegularConversion,NbrOfConversionFlag,ClockPrescaler,Resolution,DataAlign,ScanConvMode,ContinuousConvMode,DiscontinuousConvMode,DMAContinuousRequests,EOCSelection,Overrun,LowPowerAutoWait,EnableRegularConversion,OversamplingMode,NbrOfConversion,ExternalTrigConv,ExternalTrigConvEdge,EnableInjectedConversion,EnableAnalogWatchDog1,EnableAnalogWatchDog2,EnableAnalogWatchDog3
ADC2.LowPowerAutoWait=DISABLE
ADC2.NbrOfConversion=1
ADC2.NbrOfConversionFlag=1
ADC2.OffsetNumber-41\#ChannelRegularConversion=ADC_OFFSET_NONE
ADC2.Overrun=ADC_OVR_DATA_PRESERVED
ADC2.OversamplingMode=DISABLE
ADC2.Rank-41\#ChannelRegularConversion=1
ADC2.Resolution=ADC_RESOLUTION_12B
ADC2.SamplingTime-41\#ChannelRegularConversion=ADC_SAMPLETIME_2CYCLES_5
ADC2.ScanConvMode=ADC_SCAN_DISABLE
ADC3.Channel-42\#ChannelRegularConversion=ADC_CHANNEL_3
ADC3.ClockPrescaler=ADC_CLOCK_ASYNC_DIV1
ADC3.ContinuousConvMode=DISABLE
ADC3.DMAContinuousRequests=DISABLE
ADC3.DataAlign=ADC_DATAALIGN_RIGHT
ADC3.DiscontinuousConvMode=DISABLE
ADC3.EOCSelection=ADC_EOC_SINGLE_CONV
ADC3.EnableAnalogWatchDog1=false
ADC3.EnableAnalogWatchDog2=false
ADC3.EnableAnalogWatchDog3=false
ADC3.EnableInjectedConversion=DISABLE
ADC3.EnableRegularConversion=ENABLE
ADC3.ExternalTrigConv=ADC_SOFTWARE_START
ADC3.ExternalTrigConvEdge=ADC_EXTERNALTRIGCONVEDGE_NONE
ADC3.IPParameters=Rank-42\#ChannelRegularConversion,Channel-42\#ChannelRegularConversion,SamplingTime-42\#ChannelRegularConversion,OffsetNumber-42\#ChannelRegularConversion,NbrOfConversionFlag,ClockPrescaler,Resolution,DataAlign,ScanConvMode,ContinuousConvMode,DiscontinuousConvMode,DMAContinuousRequests,EOCSelection,Overrun,LowPowerAutoWait,EnableRegularConversion,OversamplingMode,NbrOfConversion,ExternalTrigConv,ExternalTrigConvEdge,EnableInjectedConversion,EnableAnalogWatchDog1,EnableAnalogWatchDog2,EnableAnalogWatchDog3
ADC3.LowPowerAutoWait=DISABLE
ADC3.NbrOfConversion=1
ADC3.NbrOfConversionFlag=1
ADC3.OffsetNumber-42\#ChannelRegularConversion=ADC_OFFSET_NONE
ADC3.Overrun=ADC_OVR_DATA_PRESERVED
ADC3.OversamplingMode=DISABLE
ADC3.Rank-42\#ChannelRegularConversion=1
ADC3.Resolution=ADC_RESOLUTION_12B
ADC3.SamplingTime-42\#ChannelRegularConversion=ADC_SAMPLETIME_2CYCLES_5
ADC3.ScanConvMode=ADC_SCAN_DISABLE
Dma.Request0=USART1_RX
Dma.RequestsNb=1
Dma.USART1_RX.0.Direction=DMA_PERIPH_TO_MEMORY
Dma.USART1_RX.0.Instance=DMA1_Channel5
Dma.USART1_RX.0.MemDataAlignment=DMA_MDATAALIGN_BYTE
Dma.USART1_RX.0.MemInc=DMA_MINC_ENABLE
Dma.USART1_RX.0.Mode=DMA_NORMAL
Dma.USART1_RX.0.PeriphDataAlignment=DMA_PDATAALIGN_BYTE
Dma.USART1_RX.0.PeriphInc=DMA_PINC_DISABLE
Dma.USART1_RX.0.Priority=DMA_PRIORITY_LOW
Dma.USART1_RX.0.RequestParameters=Instance,Direction,PeriphInc,MemInc,PeriphDataAlignment,MemDataAlignment,Mode,Priority
File.Version=6
IWDG.IPParameters=Reload
IWDG.Reload=4000
KeepUserPlacement=false
Mcu.Family=STM32L4
Mcu.IP0=ADC1
Mcu.IP1=ADC2
Mcu.IP10=USART2
Mcu.IP2=ADC3
Mcu.IP3=DMA
Mcu.IP4=IWDG
Mcu.IP5=NVIC
Mcu.IP6=RCC
Mcu.IP7=RTC
Mcu.IP8=SYS
Mcu.IP9=USART1
Mcu.IPNb=11
Mcu.Name=STM32L475V(C-E-G)Tx
Mcu.Package=LQFP100
Mcu.Pin0=PC13
Mcu.Pin1=PH0-OSC_IN (PH0)
Mcu.Pin10=PE9
Mcu.Pin11=PD8
Mcu.Pin12=PD9
Mcu.Pin13=PD10
Mcu.Pin14=PA9
Mcu.Pin15=PA10
Mcu.Pin16=VP_IWDG_VS_IWDG
Mcu.Pin17=VP_RTC_VS_RTC_Activate
Mcu.Pin18=VP_RTC_VS_RTC_Calendar
Mcu.Pin19=VP_SYS_VS_Systick
Mcu.Pin2=PH1-OSC_OUT (PH1)
Mcu.Pin3=PC2
Mcu.Pin4=PA2
Mcu.Pin5=PA3
Mcu.Pin6=PA4
Mcu.Pin7=PC4
Mcu.Pin8=PE7
Mcu.Pin9=PE8
Mcu.PinsNb=20
Mcu.ThirdPartyNb=0
Mcu.UserConstants=
Mcu.UserName=STM32L475VETx
MxCube.Version=4.25.0
MxDb.Version=DB.4.0.250
NVIC.BusFault_IRQn=true\:0\:0\:false\:false\:true\:false
NVIC.DMA1_Channel5_IRQn=true\:0\:0\:false\:false\:true\:false
NVIC.DebugMonitor_IRQn=true\:0\:0\:false\:false\:true\:false
NVIC.EXTI15_10_IRQn=true\:3\:0\:true\:false\:true\:true
NVIC.EXTI9_5_IRQn=true\:3\:0\:true\:false\:true\:true
NVIC.HardFault_IRQn=true\:0\:0\:false\:false\:true\:false
NVIC.MemoryManagement_IRQn=true\:0\:0\:false\:false\:true\:false
NVIC.NonMaskableInt_IRQn=true\:0\:0\:false\:false\:true\:false
NVIC.PendSV_IRQn=true\:0\:0\:false\:false\:true\:false
NVIC.PriorityGroup=NVIC_PRIORITYGROUP_4
NVIC.SVCall_IRQn=true\:0\:0\:false\:false\:true\:false
NVIC.SysTick_IRQn=true\:0\:0\:false\:false\:true\:false
NVIC.USART1_IRQn=true\:2\:0\:true\:false\:true\:true
NVIC.USART2_IRQn=true\:1\:0\:true\:false\:true\:true
NVIC.UsageFault_IRQn=true\:0\:0\:false\:false\:true\:false
PA10.Locked=true
PA10.Mode=Asynchronous
PA10.Signal=USART1_RX
PA2.Locked=true
PA2.Mode=Asynchronous
PA2.Signal=USART2_TX
PA3.Locked=true
PA3.Mode=Asynchronous
PA3.Signal=USART2_RX
PA4.Locked=true
PA4.Signal=ADCx_IN9
PA9.Locked=true
PA9.Mode=Asynchronous
PA9.Signal=USART1_TX
PC13.GPIOParameters=GPIO_Label
PC13.GPIO_Label=WK_UP
PC13.Locked=true
PC13.Signal=GPIO_Input
PC2.Locked=true
PC2.Signal=ADCx_IN3
PC4.Locked=true
PC4.Signal=ADCx_IN13
PCC.Checker=true
PCC.Line=STM32L4x5
PCC.MCU=STM32L475V(C-E-G)Tx
PCC.PartNumber=STM32L475VETx
PCC.Seq0=0
PCC.Series=STM32L4
PCC.Temperature=25
PCC.Vdd=null
PD10.GPIOParameters=GPIO_Label
PD10.GPIO_Label=KEY0_EXTI
PD10.Locked=true
PD10.Signal=GPXTI10
PD8.GPIOParameters=GPIO_Label
PD8.GPIO_Label=KEY2_EXTI
PD8.Locked=true
PD8.Signal=GPXTI8
PD9.GPIOParameters=GPIO_Label
PD9.GPIO_Label=KEY1_EXTI
PD9.Locked=true
PD9.Signal=GPXTI9
PE7.GPIOParameters=GPIO_Label
PE7.GPIO_Label=LED_R
PE7.Locked=true
PE7.Signal=GPIO_Output
PE8.GPIOParameters=GPIO_Label
PE8.GPIO_Label=LED_G
PE8.Locked=true
PE8.Signal=GPIO_Output
PE9.GPIOParameters=GPIO_Label
PE9.GPIO_Label=LED_B
PE9.Locked=true
PE9.Signal=GPIO_Output
PH0-OSC_IN\ (PH0).Mode=HSE-External-Oscillator
PH0-OSC_IN\ (PH0).Signal=RCC_OSC_IN
PH1-OSC_OUT\ (PH1).Mode=HSE-External-Oscillator
PH1-OSC_OUT\ (PH1).Signal=RCC_OSC_OUT
PinOutPanel.RotationAngle=0
ProjectManager.AskForMigrate=true
ProjectManager.BackupPrevious=false
ProjectManager.CompilerOptimize=3
ProjectManager.ComputerToolchain=false
ProjectManager.CoupleFile=false
ProjectManager.CustomerFirmwarePackage=E\:\\STM32CubeMX\\Repository\\STM32Cube_FW_L4_V1.13.0
ProjectManager.DefaultFWLocation=false
ProjectManager.DeletePrevious=true
ProjectManager.DeviceId=STM32L475VETx
ProjectManager.FirmwarePackage=STM32Cube FW_L4 V1.11.0
ProjectManager.FreePins=false
ProjectManager.HalAssertFull=false
ProjectManager.HeapSize=0x200
ProjectManager.KeepUserCode=true
ProjectManager.LastFirmware=true
ProjectManager.LibraryCopy=0
ProjectManager.MainLocation=Src
ProjectManager.PreviousToolchain=
ProjectManager.ProjectBuild=false
ProjectManager.ProjectFileName=GPIO.ioc
ProjectManager.ProjectName=GPIO
ProjectManager.StackSize=0x400
ProjectManager.TargetToolchain=MDK-ARM V5
ProjectManager.ToolChainLocation=
ProjectManager.UnderRoot=false
ProjectManager.functionlistsort=1-MX_GPIO_Init-GPIO-false-HAL-true,2-MX_DMA_Init-DMA-false-HAL-true,3-SystemClock_Config-RCC-false-HAL-false,4-MX_USART2_UART_Init-USART2-false-HAL-true,5-MX_USART1_UART_Init-USART1-false-HAL-true,6-MX_IWDG_Init-IWDG-false-HAL-true,7-MX_RTC_Init-RTC-false-HAL-true,8-MX_ADC1_Init-ADC1-false-HAL-true,9-MX_ADC2_Init-ADC2-false-HAL-true,10-MX_ADC3_Init-ADC3-false-HAL-true
RCC.ADCCLockSelection=RCC_ADCCLKSOURCE_SYSCLK
RCC.ADCFreq_Value=80000000
RCC.AHBFreq_Value=80000000
RCC.APB1Freq_Value=80000000
RCC.APB1TimFreq_Value=80000000
RCC.APB2Freq_Value=80000000
RCC.APB2TimFreq_Value=80000000
RCC.CortexFreq_Value=80000000
RCC.DFSDMFreq_Value=80000000
RCC.FCLKCortexFreq_Value=80000000
RCC.FamilyName=M
RCC.HCLKFreq_Value=80000000
RCC.HSE_VALUE=8000000
RCC.HSI_VALUE=16000000
RCC.I2C1Freq_Value=80000000
RCC.I2C2Freq_Value=80000000
RCC.I2C3Freq_Value=80000000
RCC.IPParameters=ADCCLockSelection,ADCFreq_Value,AHBFreq_Value,APB1Freq_Value,APB1TimFreq_Value,APB2Freq_Value,APB2TimFreq_Value,CortexFreq_Value,DFSDMFreq_Value,FCLKCortexFreq_Value,FamilyName,HCLKFreq_Value,HSE_VALUE,HSI_VALUE,I2C1Freq_Value,I2C2Freq_Value,I2C3Freq_Value,LPTIM1Freq_Value,LPTIM2Freq_Value,LPUART1Freq_Value,LSCOPinFreq_Value,LSE_VALUE,LSI_VALUE,MCO1PinFreq_Value,MSI_VALUE,PLLN,PLLPoutputFreq_Value,PLLQoutputFreq_Value,PLLRCLKFreq_Value,PLLSAI1PoutputFreq_Value,PLLSAI1QoutputFreq_Value,PLLSAI1RoutputFreq_Value,PLLSAI2PoutputFreq_Value,PLLSAI2RoutputFreq_Value,PLLSourceVirtual,PWRFreq_Value,RNGFreq_Value,RTCFreq_Value,SAI1Freq_Value,SAI2Freq_Value,SDMMCFreq_Value,SWPMI1Freq_Value,SYSCLKFreq_VALUE,SYSCLKSource,UART4Freq_Value,UART5Freq_Value,USART1Freq_Value,USART2Freq_Value,USART3Freq_Value,USBFreq_Value,VCOInputFreq_Value,VCOOutputFreq_Value,VCOSAI1OutputFreq_Value,VCOSAI2OutputFreq_Value
RCC.LPTIM1Freq_Value=80000000
RCC.LPTIM2Freq_Value=80000000
RCC.LPUART1Freq_Value=80000000
RCC.LSCOPinFreq_Value=32000
RCC.LSE_VALUE=32768
RCC.LSI_VALUE=32000
RCC.MCO1PinFreq_Value=80000000
RCC.MSI_VALUE=4000000
RCC.PLLN=10
RCC.PLLPoutputFreq_Value=22857142.85714286
RCC.PLLQoutputFreq_Value=80000000
RCC.PLLRCLKFreq_Value=80000000
RCC.PLLSAI1PoutputFreq_Value=18285714.285714287
RCC.PLLSAI1QoutputFreq_Value=64000000
RCC.PLLSAI1RoutputFreq_Value=64000000
RCC.PLLSAI2PoutputFreq_Value=18285714.285714287
RCC.PLLSAI2RoutputFreq_Value=64000000
RCC.PLLSourceVirtual=RCC_PLLSOURCE_HSI
RCC.PWRFreq_Value=80000000
RCC.RNGFreq_Value=64000000
RCC.RTCFreq_Value=32000
RCC.SAI1Freq_Value=18285714.285714287
RCC.SAI2Freq_Value=18285714.285714287
RCC.SDMMCFreq_Value=64000000
RCC.SWPMI1Freq_Value=80000000
RCC.SYSCLKFreq_VALUE=80000000
RCC.SYSCLKSource=RCC_SYSCLKSOURCE_PLLCLK
RCC.UART4Freq_Value=80000000
RCC.UART5Freq_Value=80000000
RCC.USART1Freq_Value=80000000
RCC.USART2Freq_Value=80000000
RCC.USART3Freq_Value=80000000
RCC.USBFreq_Value=64000000
RCC.VCOInputFreq_Value=16000000
RCC.VCOOutputFreq_Value=160000000
RCC.VCOSAI1OutputFreq_Value=128000000
RCC.VCOSAI2OutputFreq_Value=128000000
SH.ADCx_IN13.0=ADC2_IN13,IN13-Single-Ended
SH.ADCx_IN13.ConfNb=1
SH.ADCx_IN3.0=ADC3_IN3,IN3-Single-Ended
SH.ADCx_IN3.ConfNb=1
SH.ADCx_IN9.0=ADC1_IN9,IN9-Single-Ended
SH.ADCx_IN9.ConfNb=1
SH.GPXTI10.0=GPIO_EXTI10
SH.GPXTI10.ConfNb=1
SH.GPXTI8.0=GPIO_EXTI8
SH.GPXTI8.ConfNb=1
SH.GPXTI9.0=GPIO_EXTI9
SH.GPXTI9.ConfNb=1
USART1.IPParameters=VirtualMode-Asynchronous,WordLength
USART1.VirtualMode-Asynchronous=VM_ASYNC
USART1.WordLength=WORDLENGTH_8B
USART2.DMADisableonRxErrorParam=ADVFEATURE_DMA_ENABLEONRXERROR
USART2.IPParameters=VirtualMode-Asynchronous,WordLength,OverrunDisableParam,DMADisableonRxErrorParam
USART2.OverrunDisableParam=ADVFEATURE_OVERRUN_ENABLE
USART2.VirtualMode-Asynchronous=VM_ASYNC
USART2.WordLength=WORDLENGTH_8B
VP_IWDG_VS_IWDG.Mode=IWDG_Activate
VP_IWDG_VS_IWDG.Signal=IWDG_VS_IWDG
VP_RTC_VS_RTC_Activate.Mode=RTC_Enabled
VP_RTC_VS_RTC_Activate.Signal=RTC_VS_RTC_Activate
VP_RTC_VS_RTC_Calendar.Mode=RTC_Calendar
VP_RTC_VS_RTC_Calendar.Signal=RTC_VS_RTC_Calendar
VP_SYS_VS_Systick.Mode=SysTick
VP_SYS_VS_Systick.Signal=SYS_VS_Systick
board=GPIO
